PODS:
  - adv_camera (0.0.1):
    - Flutter
  - Flutter (1.0.0)

DEPENDENCIES:
  - adv_camera (from `.symlinks/plugins/adv_camera/ios`)
  - Flutter (from `Flutter`)

EXTERNAL SOURCES:
  adv_camera:
    :path: ".symlinks/plugins/adv_camera/ios"
  Flutter:
    :path: Flutter

SPEC CHECKSUMS:
  adv_camera: 0e954c22d5a993a38ecce7581ade87ecf5660523
  Flutter: 0e3d915762c693b495b44d77113d4970485de6ec

PODFILE CHECKSUM: aafe91acc616949ddb318b77800a7f51bffa2a4c

COCOAPODS: 1.10.0
