PODS:
  - adv_camera (0.0.1):
    - Flutter
  - Flutter (1.0.0)

DEPENDENCIES:
  - adv_camera (from `.symlinks/plugins/adv_camera/ios`)
  - Flutter (from `Flutter`)

EXTERNAL SOURCES:
  adv_camera:
    :path: ".symlinks/plugins/adv_camera/ios"
  Flutter:
    :path: Flutter

SPEC CHECKSUMS:
  adv_camera: 8f616003ade03aaed1fabeb2307a7745a20da29a
  Flutter: f04841e97a9d0b0a8025694d0796dd46242b2854

PODFILE CHECKSUM: 7368163408c647b7eb699d0d788ba6718e18fb8d

COCOAPODS: 1.12.0
